
Microsoft Visual Studio Solution File, Format Version 12.00
# Visual Studio Version 17
VisualStudioVersion = 17.3.32929.385
MinimumVisualStudioVersion = 10.0.40219.1
Project("{9A19103F-16F7-4668-BE54-9A1E7A4F7556}") = "VPNServer", "VPNServer\VPNServer.csproj", "{E3AC0F70-6AAA-45DE-895F-C876CDB17F09}"
EndProject
Project("{9A19103F-16F7-4668-BE54-9A1E7A4F7556}") = "WebAPI", "WebAPI\WebAPI.csproj", "{F26EEAEA-9EF4-478D-BEB3-A2F813EA6D81}"
EndProject
Project("{9A19103F-16F7-4668-BE54-9A1E7A4F7556}") = "VPNClient-Windows-Test", "VPNClient-Windows-Test\VPNClient-Windows-Test.csproj", "{76FD1C20-0115-46C1-BC4F-26E99D04DF96}"
	ProjectSection(ProjectDependencies) = postProject
		{0F3E9070-DA1F-490F-98D9-6248DD4BCC3E} = {0F3E9070-DA1F-490F-98D9-6248DD4BCC3E}
	EndProjectSection
EndProject
Project("{9A19103F-16F7-4668-BE54-9A1E7A4F7556}") = "API", "API\API.csproj", "{0F3E9070-DA1F-490F-98D9-6248DD4BCC3E}"
EndProject
Project("{9A19103F-16F7-4668-BE54-9A1E7A4F7556}") = "VPNClient", "VPNClient\VPNClient.csproj", "{D86DB1DA-B9A7-4ACE-8BDE-AC2E0E533263}"
	ProjectSection(ProjectDependencies) = postProject
		{0F3E9070-DA1F-490F-98D9-6248DD4BCC3E} = {0F3E9070-DA1F-490F-98D9-6248DD4BCC3E}
		{B1D595E6-D4D3-4DD6-95D3-A867539855CF} = {B1D595E6-D4D3-4DD6-95D3-A867539855CF}
	EndProjectSection
EndProject
Project("{9A19103F-16F7-4668-BE54-9A1E7A4F7556}") = "VPNClient-AndroidTunnelBinding", "VPNClient-AndroidTunnelBinding\VPNClient-AndroidTunnelBinding.csproj", "{B1D595E6-D4D3-4DD6-95D3-A867539855CF}"
EndProject
Project("{9A19103F-16F7-4668-BE54-9A1E7A4F7556}") = "VPNClient-WindowsVPNService", "VPNClient-WindowsVPNService\VPNClient-WindowsVPNService.csproj", "{0AB1DE25-8A3A-4B7B-98EE-63C6ACFC0830}"
EndProject
Project("{9A19103F-16F7-4668-BE54-9A1E7A4F7556}") = "VPNClient-WindowsTunnelDLL", "VPNClient-WindowsTunnelDLL\VPNClient-WindowsTunnelDLL.csproj", "{A31D9A69-1603-4A73-90A9-98A73EC1E1B6}"
EndProject
Global
	GlobalSection(SolutionConfigurationPlatforms) = preSolution
		Debug|Any CPU = Debug|Any CPU
		Debug|x64 = Debug|x64
		Release|Any CPU = Release|Any CPU
		Release|x64 = Release|x64
	EndGlobalSection
	GlobalSection(ProjectConfigurationPlatforms) = postSolution
		{E3AC0F70-6AAA-45DE-895F-C876CDB17F09}.Debug|Any CPU.ActiveCfg = Debug|Any CPU
		{E3AC0F70-6AAA-45DE-895F-C876CDB17F09}.Debug|Any CPU.Build.0 = Debug|Any CPU
		{E3AC0F70-6AAA-45DE-895F-C876CDB17F09}.Debug|x64.ActiveCfg = Debug|x64
		{E3AC0F70-6AAA-45DE-895F-C876CDB17F09}.Debug|x64.Build.0 = Debug|x64
		{E3AC0F70-6AAA-45DE-895F-C876CDB17F09}.Release|Any CPU.ActiveCfg = Release|Any CPU
		{E3AC0F70-6AAA-45DE-895F-C876CDB17F09}.Release|Any CPU.Build.0 = Release|Any CPU
		{E3AC0F70-6AAA-45DE-895F-C876CDB17F09}.Release|x64.ActiveCfg = Release|x64
		{E3AC0F70-6AAA-45DE-895F-C876CDB17F09}.Release|x64.Build.0 = Release|x64
		{F26EEAEA-9EF4-478D-BEB3-A2F813EA6D81}.Debug|Any CPU.ActiveCfg = Debug|Any CPU
		{F26EEAEA-9EF4-478D-BEB3-A2F813EA6D81}.Debug|Any CPU.Build.0 = Debug|Any CPU
		{F26EEAEA-9EF4-478D-BEB3-A2F813EA6D81}.Debug|x64.ActiveCfg = Debug|Any CPU
		{F26EEAEA-9EF4-478D-BEB3-A2F813EA6D81}.Debug|x64.Build.0 = Debug|Any CPU
		{F26EEAEA-9EF4-478D-BEB3-A2F813EA6D81}.Release|Any CPU.ActiveCfg = Release|Any CPU
		{F26EEAEA-9EF4-478D-BEB3-A2F813EA6D81}.Release|Any CPU.Build.0 = Release|Any CPU
		{F26EEAEA-9EF4-478D-BEB3-A2F813EA6D81}.Release|x64.ActiveCfg = Release|Any CPU
		{F26EEAEA-9EF4-478D-BEB3-A2F813EA6D81}.Release|x64.Build.0 = Release|Any CPU
		{76FD1C20-0115-46C1-BC4F-26E99D04DF96}.Debug|Any CPU.ActiveCfg = Debug|Any CPU
		{76FD1C20-0115-46C1-BC4F-26E99D04DF96}.Debug|Any CPU.Build.0 = Debug|Any CPU
		{76FD1C20-0115-46C1-BC4F-26E99D04DF96}.Debug|x64.ActiveCfg = Debug|Any CPU
		{76FD1C20-0115-46C1-BC4F-26E99D04DF96}.Debug|x64.Build.0 = Debug|Any CPU
		{76FD1C20-0115-46C1-BC4F-26E99D04DF96}.Release|Any CPU.ActiveCfg = Release|Any CPU
		{76FD1C20-0115-46C1-BC4F-26E99D04DF96}.Release|Any CPU.Build.0 = Release|Any CPU
		{76FD1C20-0115-46C1-BC4F-26E99D04DF96}.Release|x64.ActiveCfg = Release|Any CPU
		{76FD1C20-0115-46C1-BC4F-26E99D04DF96}.Release|x64.Build.0 = Release|Any CPU
		{0F3E9070-DA1F-490F-98D9-6248DD4BCC3E}.Debug|Any CPU.ActiveCfg = Debug|Any CPU
		{0F3E9070-DA1F-490F-98D9-6248DD4BCC3E}.Debug|Any CPU.Build.0 = Debug|Any CPU
		{0F3E9070-DA1F-490F-98D9-6248DD4BCC3E}.Debug|x64.ActiveCfg = Debug|Any CPU
		{0F3E9070-DA1F-490F-98D9-6248DD4BCC3E}.Debug|x64.Build.0 = Debug|Any CPU
		{0F3E9070-DA1F-490F-98D9-6248DD4BCC3E}.Release|Any CPU.ActiveCfg = Release|Any CPU
		{0F3E9070-DA1F-490F-98D9-6248DD4BCC3E}.Release|Any CPU.Build.0 = Release|Any CPU
		{0F3E9070-DA1F-490F-98D9-6248DD4BCC3E}.Release|x64.ActiveCfg = Release|Any CPU
		{0F3E9070-DA1F-490F-98D9-6248DD4BCC3E}.Release|x64.Build.0 = Release|Any CPU
		{D86DB1DA-B9A7-4ACE-8BDE-AC2E0E533263}.Debug|Any CPU.ActiveCfg = Debug|Any CPU
		{D86DB1DA-B9A7-4ACE-8BDE-AC2E0E533263}.Debug|Any CPU.Build.0 = Debug|Any CPU
		{D86DB1DA-B9A7-4ACE-8BDE-AC2E0E533263}.Debug|Any CPU.Deploy.0 = Debug|Any CPU
		{D86DB1DA-B9A7-4ACE-8BDE-AC2E0E533263}.Debug|x64.ActiveCfg = Debug|Any CPU
		{D86DB1DA-B9A7-4ACE-8BDE-AC2E0E533263}.Debug|x64.Build.0 = Debug|Any CPU
		{D86DB1DA-B9A7-4ACE-8BDE-AC2E0E533263}.Debug|x64.Deploy.0 = Debug|Any CPU
		{D86DB1DA-B9A7-4ACE-8BDE-AC2E0E533263}.Release|Any CPU.ActiveCfg = Release|Any CPU
		{D86DB1DA-B9A7-4ACE-8BDE-AC2E0E533263}.Release|Any CPU.Build.0 = Release|Any CPU
		{D86DB1DA-B9A7-4ACE-8BDE-AC2E0E533263}.Release|Any CPU.Deploy.0 = Release|Any CPU
		{D86DB1DA-B9A7-4ACE-8BDE-AC2E0E533263}.Release|x64.ActiveCfg = Release|Any CPU
		{D86DB1DA-B9A7-4ACE-8BDE-AC2E0E533263}.Release|x64.Build.0 = Release|Any CPU
		{D86DB1DA-B9A7-4ACE-8BDE-AC2E0E533263}.Release|x64.Deploy.0 = Release|Any CPU
		{B1D595E6-D4D3-4DD6-95D3-A867539855CF}.Debug|Any CPU.ActiveCfg = Debug|Any CPU
		{B1D595E6-D4D3-4DD6-95D3-A867539855CF}.Debug|Any CPU.Build.0 = Debug|Any CPU
		{B1D595E6-D4D3-4DD6-95D3-A867539855CF}.Debug|x64.ActiveCfg = Debug|Any CPU
		{B1D595E6-D4D3-4DD6-95D3-A867539855CF}.Debug|x64.Build.0 = Debug|Any CPU
		{B1D595E6-D4D3-4DD6-95D3-A867539855CF}.Release|Any CPU.ActiveCfg = Release|Any CPU
		{B1D595E6-D4D3-4DD6-95D3-A867539855CF}.Release|Any CPU.Build.0 = Release|Any CPU
		{B1D595E6-D4D3-4DD6-95D3-A867539855CF}.Release|x64.ActiveCfg = Release|Any CPU
		{B1D595E6-D4D3-4DD6-95D3-A867539855CF}.Release|x64.Build.0 = Release|Any CPU
		{0AB1DE25-8A3A-4B7B-98EE-63C6ACFC0830}.Debug|Any CPU.ActiveCfg = Debug|Any CPU
		{0AB1DE25-8A3A-4B7B-98EE-63C6ACFC0830}.Debug|Any CPU.Build.0 = Debug|Any CPU
		{0AB1DE25-8A3A-4B7B-98EE-63C6ACFC0830}.Debug|x64.ActiveCfg = Debug|Any CPU
		{0AB1DE25-8A3A-4B7B-98EE-63C6ACFC0830}.Debug|x64.Build.0 = Debug|Any CPU
		{0AB1DE25-8A3A-4B7B-98EE-63C6ACFC0830}.Release|Any CPU.ActiveCfg = Release|Any CPU
		{0AB1DE25-8A3A-4B7B-98EE-63C6ACFC0830}.Release|Any CPU.Build.0 = Release|Any CPU
		{0AB1DE25-8A3A-4B7B-98EE-63C6ACFC0830}.Release|x64.ActiveCfg = Release|Any CPU
		{0AB1DE25-8A3A-4B7B-98EE-63C6ACFC0830}.Release|x64.Build.0 = Release|Any CPU
		{A31D9A69-1603-4A73-90A9-98A73EC1E1B6}.Debug|Any CPU.ActiveCfg = Debug|Any CPU
		{A31D9A69-1603-4A73-90A9-98A73EC1E1B6}.Debug|Any CPU.Build.0 = Debug|Any CPU
		{A31D9A69-1603-4A73-90A9-98A73EC1E1B6}.Debug|x64.ActiveCfg = Debug|Any CPU
		{A31D9A69-1603-4A73-90A9-98A73EC1E1B6}.Debug|x64.Build.0 = Debug|Any CPU
		{A31D9A69-1603-4A73-90A9-98A73EC1E1B6}.Release|Any CPU.ActiveCfg = Release|Any CPU
		{A31D9A69-1603-4A73-90A9-98A73EC1E1B6}.Release|Any CPU.Build.0 = Release|Any CPU
		{A31D9A69-1603-4A73-90A9-98A73EC1E1B6}.Release|x64.ActiveCfg = Release|Any CPU
		{A31D9A69-1603-4A73-90A9-98A73EC1E1B6}.Release|x64.Build.0 = Release|Any CPU
	EndGlobalSection
	GlobalSection(SolutionProperties) = preSolution
		HideSolutionNode = FALSE
	EndGlobalSection
	GlobalSection(ExtensibilityGlobals) = postSolution
		SolutionGuid = {BFF07679-4CE9-4E36-9063-EF68C33373CA}
	EndGlobalSection
EndGlobal
